
Microsoft Visual Studio Solution File, Format Version 12.00
# Visual Studio Version 17
VisualStudioVersion = 17.9.34622.214
MinimumVisualStudioVersion = 10.0.40219.1
Project("{FAE04EC0-301F-11D3-BF4B-00C04F79EFBC}") = "CarClass", "CarClass\CarClass.csproj", "{1752DC9A-2EBC-45EB-8F01-67041B5CCFBD}"
EndProject
Global
	GlobalSection(SolutionConfigurationPlatforms) = preSolution
		Debug|Any CPU = Debug|Any CPU
		Release|Any CPU = Release|Any CPU
	EndGlobalSection
	GlobalSection(ProjectConfigurationPlatforms) = postSolution
		{1752DC9A-2EBC-45EB-8F01-67041B5CCFBD}.Debug|Any CPU.ActiveCfg = Debug|Any CPU
		{1752DC9A-2EBC-45EB-8F01-67041B5CCFBD}.Debug|Any CPU.Build.0 = Debug|Any CPU
		{1752DC9A-2EBC-45EB-8F01-67041B5CCFBD}.Release|Any CPU.ActiveCfg = Release|Any CPU
		{1752DC9A-2EBC-45EB-8F01-67041B5CCFBD}.Release|Any CPU.Build.0 = Release|Any CPU
	EndGlobalSection
	GlobalSection(SolutionProperties) = preSolution
		HideSolutionNode = FALSE
	EndGlobalSection
	GlobalSection(ExtensibilityGlobals) = postSolution
		SolutionGuid = {DA641E28-3EC7-4590-8B58-04497F49E2E3}
	EndGlobalSection
EndGlobal
