
Microsoft Visual Studio Solution File, Format Version 12.00
# Visual Studio Version 17
VisualStudioVersion = 17.9.34622.214
MinimumVisualStudioVersion = 10.0.40219.1
Project("{FAE04EC0-301F-11D3-BF4B-00C04F79EFBC}") = "arrayTask3", "arrayTask3\arrayTask3.csproj", "{406B6FE6-92A2-481B-9CA1-58743FDB25C5}"
EndProject
Global
	GlobalSection(SolutionConfigurationPlatforms) = preSolution
		Debug|Any CPU = Debug|Any CPU
		Release|Any CPU = Release|Any CPU
	EndGlobalSection
	GlobalSection(ProjectConfigurationPlatforms) = postSolution
		{406B6FE6-92A2-481B-9CA1-58743FDB25C5}.Debug|Any CPU.ActiveCfg = Debug|Any CPU
		{406B6FE6-92A2-481B-9CA1-58743FDB25C5}.Debug|Any CPU.Build.0 = Debug|Any CPU
		{406B6FE6-92A2-481B-9CA1-58743FDB25C5}.Release|Any CPU.ActiveCfg = Release|Any CPU
		{406B6FE6-92A2-481B-9CA1-58743FDB25C5}.Release|Any CPU.Build.0 = Release|Any CPU
	EndGlobalSection
	GlobalSection(SolutionProperties) = preSolution
		HideSolutionNode = FALSE
	EndGlobalSection
	GlobalSection(ExtensibilityGlobals) = postSolution
		SolutionGuid = {FF5580E0-DBB4-4F91-A5BD-41C28D25D608}
	EndGlobalSection
EndGlobal
